
Microsoft Visual Studio Solution File, Format Version 12.00
# Visual Studio Version 17
VisualStudioVersion = 17.3.32804.467
MinimumVisualStudioVersion = 10.0.40219.1
Project("{FAE04EC0-301F-11D3-BF4B-00C04F79EFBC}") = "AgeOfEmpire.Common", "AgeOfEmpire.Common\AgeOfEmpire.Common.csproj", "{3E34639A-7F43-4461-AB5E-FFAA42C1CCEA}"
EndProject
Project("{FAE04EC0-301F-11D3-BF4B-00C04F79EFBC}") = "AgeOfEmpire.Ottomans", "AgeOfEmpire.Ottomans\AgeOfEmpire.Ottomans.csproj", "{2C78A19F-D9D6-40AF-BD7A-A5EFC080BF64}"
EndProject
Project("{9A19103F-16F7-4668-BE54-9A1E7A4F7556}") = "AgeOfEmpire.Maliens", "AgeOfEmpire.Maliens\AgeOfEmpire.Maliens.csproj", "{0B8C258F-A326-4D6A-9AF7-1B35A5BE01A9}"
EndProject
Project("{FAE04EC0-301F-11D3-BF4B-00C04F79EFBC}") = "AgeOfEmpire.UI", "AgeOfEmpire.UI\AgeOfEmpire.UI.csproj", "{4E6DE036-C883-42AC-AE28-2414B6053F1F}"
EndProject
Project("{FAE04EC0-301F-11D3-BF4B-00C04F79EFBC}") = "AgeOfEmpire.Test", "AgeOfEmpire.Test\AgeOfEmpire.Test.csproj", "{14912114-5AEA-4D6E-9C57-AB77E667ABAE}"
EndProject
Global
	GlobalSection(SolutionConfigurationPlatforms) = preSolution
		Debug|Any CPU = Debug|Any CPU
		Release|Any CPU = Release|Any CPU
	EndGlobalSection
	GlobalSection(ProjectConfigurationPlatforms) = postSolution
		{3E34639A-7F43-4461-AB5E-FFAA42C1CCEA}.Debug|Any CPU.ActiveCfg = Debug|Any CPU
		{3E34639A-7F43-4461-AB5E-FFAA42C1CCEA}.Debug|Any CPU.Build.0 = Debug|Any CPU
		{3E34639A-7F43-4461-AB5E-FFAA42C1CCEA}.Release|Any CPU.ActiveCfg = Release|Any CPU
		{3E34639A-7F43-4461-AB5E-FFAA42C1CCEA}.Release|Any CPU.Build.0 = Release|Any CPU
		{2C78A19F-D9D6-40AF-BD7A-A5EFC080BF64}.Debug|Any CPU.ActiveCfg = Debug|Any CPU
		{2C78A19F-D9D6-40AF-BD7A-A5EFC080BF64}.Debug|Any CPU.Build.0 = Debug|Any CPU
		{2C78A19F-D9D6-40AF-BD7A-A5EFC080BF64}.Release|Any CPU.ActiveCfg = Release|Any CPU
		{2C78A19F-D9D6-40AF-BD7A-A5EFC080BF64}.Release|Any CPU.Build.0 = Release|Any CPU
		{0B8C258F-A326-4D6A-9AF7-1B35A5BE01A9}.Debug|Any CPU.ActiveCfg = Debug|Any CPU
		{0B8C258F-A326-4D6A-9AF7-1B35A5BE01A9}.Debug|Any CPU.Build.0 = Debug|Any CPU
		{0B8C258F-A326-4D6A-9AF7-1B35A5BE01A9}.Release|Any CPU.ActiveCfg = Release|Any CPU
		{0B8C258F-A326-4D6A-9AF7-1B35A5BE01A9}.Release|Any CPU.Build.0 = Release|Any CPU
		{4E6DE036-C883-42AC-AE28-2414B6053F1F}.Debug|Any CPU.ActiveCfg = Debug|Any CPU
		{4E6DE036-C883-42AC-AE28-2414B6053F1F}.Debug|Any CPU.Build.0 = Debug|Any CPU
		{4E6DE036-C883-42AC-AE28-2414B6053F1F}.Release|Any CPU.ActiveCfg = Release|Any CPU
		{4E6DE036-C883-42AC-AE28-2414B6053F1F}.Release|Any CPU.Build.0 = Release|Any CPU
		{14912114-5AEA-4D6E-9C57-AB77E667ABAE}.Debug|Any CPU.ActiveCfg = Debug|Any CPU
		{14912114-5AEA-4D6E-9C57-AB77E667ABAE}.Debug|Any CPU.Build.0 = Debug|Any CPU
		{14912114-5AEA-4D6E-9C57-AB77E667ABAE}.Release|Any CPU.ActiveCfg = Release|Any CPU
		{14912114-5AEA-4D6E-9C57-AB77E667ABAE}.Release|Any CPU.Build.0 = Release|Any CPU
	EndGlobalSection
	GlobalSection(SolutionProperties) = preSolution
		HideSolutionNode = FALSE
	EndGlobalSection
	GlobalSection(ExtensibilityGlobals) = postSolution
		SolutionGuid = {C0E02922-2683-454A-B7DA-3C989BEDC296}
	EndGlobalSection
EndGlobal
